dependencies:
- name: postgresql
  repository: file://../postgresql
  version: 0.1.0
- name: keycloak
  repository: file://../keycloak
  version: 0.1.0
- name: kafka
  repository: file://charts/kafka
  version: 13.0.9
- name: zipkin
  repository: file://../zipkin
  version: 0.1.0
- name: accounts
  repository: file://../accounts
  version: 0.1.0
- name: cash
  repository: file://../cash
  version: 0.1.0
- name: frontend
  repository: file://../frontend
  version: 0.1.0
- name: gateway
  repository: file://../gateway
  version: 0.1.0
- name: notifications
  repository: file://../notifications
  version: 0.1.0
- name: transfer
  repository: file://../transfer
  version: 0.1.0
digest: sha256:977a9d5c9148cb669b0f5fd28481add9631eae2e394540cc7d5768a9575fd4b5
generated: "2026-07-06T13:49:25.367098+03:00"
