dependencies:
- name: postgresql
  repository: file://../postgresql
  version: 0.1.0
- name: keycloak
  repository: file://../keycloak
  version: 0.1.0
- name: kafka
  repository: file://charts/kafka
  version: 13.0.9
- name: accounts
  repository: file://../accounts
  version: 0.1.0
- name: cash
  repository: file://../cash
  version: 0.1.0
- name: frontend
  repository: file://../frontend
  version: 0.1.0
- name: gateway
  repository: file://../gateway
  version: 0.1.0
- name: notifications
  repository: file://../notifications
  version: 0.1.0
- name: transfer
  repository: file://../transfer
  version: 0.1.0
digest: sha256:b7dac0a07311fdee63c058b1522198b966e824f8da28e661a8541cdbc53e4bd9
generated: "2026-06-30T21:29:51.067538+03:00"
