dependencies:
- name: postgresql
  repository: file://../postgresql
  version: 0.1.0
- name: keycloak
  repository: file://../keycloak
  version: 0.1.0
- name: kafka
  repository: file://../kafka
  version: 0.1.0
- name: accounts
  repository: file://../accounts
  version: 0.1.0
- name: cash
  repository: file://../cash
  version: 0.1.0
- name: frontend
  repository: file://../frontend
  version: 0.1.0
- name: gateway
  repository: file://../gateway
  version: 0.1.0
- name: notifications
  repository: file://../notifications
  version: 0.1.0
- name: transfer
  repository: file://../transfer
  version: 0.1.0
digest: sha256:01f477d855e3960a2582cd9fbc2cf27fef7eed4f89730dc5592e923ee24b5738
generated: "2026-06-29T16:50:45.04+03:00"
